
Microsoft Visual Studio Solution File, Format Version 12.00
# Visual Studio 15
VisualStudioVersion = 15.0.28307.168
MinimumVisualStudioVersion = 10.0.40219.1
Project("{FAE04EC0-301F-11D3-BF4B-00C04F79EFBC}") = "LeetCode905SortArrayByParity", "LeetCode905SortArrayByParity\LeetCode905SortArrayByParity.csproj", "{3B443284-0370-411B-BD00-FC5D78912704}"
EndProject
Global
	GlobalSection(SolutionConfigurationPlatforms) = preSolution
		Debug|Any CPU = Debug|Any CPU
		Release|Any CPU = Release|Any CPU
	EndGlobalSection
	GlobalSection(ProjectConfigurationPlatforms) = postSolution
		{3B443284-0370-411B-BD00-FC5D78912704}.Debug|Any CPU.ActiveCfg = Debug|Any CPU
		{3B443284-0370-411B-BD00-FC5D78912704}.Debug|Any CPU.Build.0 = Debug|Any CPU
		{3B443284-0370-411B-BD00-FC5D78912704}.Release|Any CPU.ActiveCfg = Release|Any CPU
		{3B443284-0370-411B-BD00-FC5D78912704}.Release|Any CPU.Build.0 = Release|Any CPU
	EndGlobalSection
	GlobalSection(SolutionProperties) = preSolution
		HideSolutionNode = FALSE
	EndGlobalSection
	GlobalSection(ExtensibilityGlobals) = postSolution
		SolutionGuid = {726E2561-586E-4AEE-BE61-CE22200CE3A5}
	EndGlobalSection
EndGlobal
